
Microsoft Visual Studio Solution File, Format Version 12.00
# Visual Studio 2017
Project("{FAE04EC0-301F-11D3-BF4B-00C04F79EFBC}") = "DiplomaRunning-Fase_Corredor", "DiplomaRunning-Fase_Corredor.csproj", "{D86299CF-F1BC-5F94-2ACA-77A1C575597C}"
EndProject
Global
	GlobalSection(SolutionConfigurationPlatforms) = preSolution
		Debug|Any CPU = Debug|Any CPU
		Release|Any CPU = Release|Any CPU
	EndGlobalSection
	GlobalSection(ProjectConfigurationPlatforms) = postSolution
		{D86299CF-F1BC-5F94-2ACA-77A1C575597C}.Debug|Any CPU.ActiveCfg = Debug|Any CPU
		{D86299CF-F1BC-5F94-2ACA-77A1C575597C}.Debug|Any CPU.Build.0 = Debug|Any CPU
		{D86299CF-F1BC-5F94-2ACA-77A1C575597C}.Release|Any CPU.ActiveCfg = Release|Any CPU
		{D86299CF-F1BC-5F94-2ACA-77A1C575597C}.Release|Any CPU.Build.0 = Release|Any CPU
	EndGlobalSection
	GlobalSection(SolutionProperties) = preSolution
		HideSolutionNode = FALSE
	EndGlobalSection
EndGlobal
